
Microsoft Visual Studio Solution File, Format Version 12.00
# Visual Studio Version 17
VisualStudioVersion = 17.4.33122.133
MinimumVisualStudioVersion = 10.0.40219.1
Project("{FAE04EC0-301F-11D3-BF4B-00C04F79EFBC}") = "MetodosMemorama", "MetodosMemorama\MetodosMemorama.csproj", "{0758254D-6F29-4E16-B933-9985A5D3573C}"
EndProject
Global
	GlobalSection(SolutionConfigurationPlatforms) = preSolution
		Debug|Any CPU = Debug|Any CPU
		Release|Any CPU = Release|Any CPU
	EndGlobalSection
	GlobalSection(ProjectConfigurationPlatforms) = postSolution
		{0758254D-6F29-4E16-B933-9985A5D3573C}.Debug|Any CPU.ActiveCfg = Debug|Any CPU
		{0758254D-6F29-4E16-B933-9985A5D3573C}.Debug|Any CPU.Build.0 = Debug|Any CPU
		{0758254D-6F29-4E16-B933-9985A5D3573C}.Release|Any CPU.ActiveCfg = Release|Any CPU
		{0758254D-6F29-4E16-B933-9985A5D3573C}.Release|Any CPU.Build.0 = Release|Any CPU
	EndGlobalSection
	GlobalSection(SolutionProperties) = preSolution
		HideSolutionNode = FALSE
	EndGlobalSection
	GlobalSection(ExtensibilityGlobals) = postSolution
		SolutionGuid = {355B64A3-B0B4-4CB5-8800-AC0E020FE0C3}
	EndGlobalSection
EndGlobal
